{
    "requires": true,
    "lockfileVersion": 1,
    "dependencies": {
        "@tkrotoff/bootstrap-floating-label": {
            "version": "0.0.3",
            "resolved": "https://registry.npmjs.org/@tkrotoff/bootstrap-floating-label/-/bootstrap-floating-label-0.0.3.tgz",
            "integrity": "sha512-DZWLMllhcy/uGakVKmvQBrymk+ymJN0xZnYQhPdsrwAG2Be5bOdXZ716LKIcB1CJ4nLiSKoGTeKTqi+KxJGthw=="
        }
    }
}
